
Microsoft Visual Studio Solution File, Format Version 9.00
# Visual Studio 2005
Project("{8BC9CEB8-8B4A-11D0-8D11-00A0C91BC942}") = "ace-radius", "ace-radius\ace-radius.vcproj", "{A3DEBD0C-0940-4AD8-BBC9-04E424C4799E}"
EndProject
Project("{8BC9CEB8-8B4A-11D0-8D11-00A0C91BC942}") = "client", "test\client.vcproj", "{BF72F28F-7CB6-4D21-9A0E-47CA689A3889}"
	ProjectSection(ProjectDependencies) = postProject
		{A3DEBD0C-0940-4AD8-BBC9-04E424C4799E} = {A3DEBD0C-0940-4AD8-BBC9-04E424C4799E}
	EndProjectSection
EndProject
Project("{8BC9CEB8-8B4A-11D0-8D11-00A0C91BC942}") = "server", "test\server.vcproj", "{1D23FC58-73CB-45D6-9FEF-8D77B6E55340}"
	ProjectSection(ProjectDependencies) = postProject
		{A3DEBD0C-0940-4AD8-BBC9-04E424C4799E} = {A3DEBD0C-0940-4AD8-BBC9-04E424C4799E}
	EndProjectSection
EndProject
Global
	GlobalSection(SolutionConfigurationPlatforms) = preSolution
		Debug|Win32 = Debug|Win32
		Release|Win32 = Release|Win32
	EndGlobalSection
	GlobalSection(ProjectConfigurationPlatforms) = postSolution
		{A3DEBD0C-0940-4AD8-BBC9-04E424C4799E}.Debug|Win32.ActiveCfg = Debug|Win32
		{A3DEBD0C-0940-4AD8-BBC9-04E424C4799E}.Debug|Win32.Build.0 = Debug|Win32
		{A3DEBD0C-0940-4AD8-BBC9-04E424C4799E}.Release|Win32.ActiveCfg = Release|Win32
		{A3DEBD0C-0940-4AD8-BBC9-04E424C4799E}.Release|Win32.Build.0 = Release|Win32
		{BF72F28F-7CB6-4D21-9A0E-47CA689A3889}.Debug|Win32.ActiveCfg = Debug|Win32
		{BF72F28F-7CB6-4D21-9A0E-47CA689A3889}.Debug|Win32.Build.0 = Debug|Win32
		{BF72F28F-7CB6-4D21-9A0E-47CA689A3889}.Release|Win32.ActiveCfg = Release|Win32
		{BF72F28F-7CB6-4D21-9A0E-47CA689A3889}.Release|Win32.Build.0 = Release|Win32
		{1D23FC58-73CB-45D6-9FEF-8D77B6E55340}.Debug|Win32.ActiveCfg = Debug|Win32
		{1D23FC58-73CB-45D6-9FEF-8D77B6E55340}.Debug|Win32.Build.0 = Debug|Win32
		{1D23FC58-73CB-45D6-9FEF-8D77B6E55340}.Release|Win32.ActiveCfg = Release|Win32
		{1D23FC58-73CB-45D6-9FEF-8D77B6E55340}.Release|Win32.Build.0 = Release|Win32
	EndGlobalSection
	GlobalSection(SolutionProperties) = preSolution
		HideSolutionNode = FALSE
	EndGlobalSection
EndGlobal
