<?xml version="1.0" encoding="utf-8"?>
<Project ToolsVersion="4.0" xmlns="http://schemas.microsoft.com/developer/msbuild/2003">
  <ItemGroup>
    <Filter Include="Source Files">
      <UniqueIdentifier>{4FC737F1-C7A5-4376-A066-2A32D752A2FF}</UniqueIdentifier>
      <Extensions>cpp;c;cxx;def;odl;idl;hpj;bat;asm;asmx</Extensions>
    </Filter>
    <Filter Include="Header Files">
      <UniqueIdentifier>{93995380-89BD-4b04-88EB-625FBE52EBFB}</UniqueIdentifier>
      <Extensions>h;hpp;hxx;hm;inl;inc;xsd</Extensions>
    </Filter>
    <Filter Include="Resource Files">
      <UniqueIdentifier>{67DA6AB6-F800-4c08-8B7A-83BB121AAD01}</UniqueIdentifier>
      <Extensions>rc;ico;cur;bmp;dlg;rc2;rct;bin;rgs;gif;jpg;jpeg;jpe;resx</Extensions>
    </Filter>
    <Filter Include="Win32++">
      <UniqueIdentifier>{7b9ec927-2a35-49d5-8ed0-cd626dbd7e10}</UniqueIdentifier>
    </Filter>
  </ItemGroup>
  <ItemGroup>
    <ClCompile Include="..\src\CfgFile.cpp">
      <Filter>Source Files</Filter>
    </ClCompile>
    <ClCompile Include="..\src\Classes.cpp">
      <Filter>Source Files</Filter>
    </ClCompile>
    <ClCompile Include="..\src\ComboBoxEx.cpp">
      <Filter>Source Files</Filter>
    </ClCompile>
    <ClCompile Include="..\src\ContainerApp.cpp">
      <Filter>Source Files</Filter>
    </ClCompile>
    <ClCompile Include="..\src\DataGrid.cpp">
      <Filter>Source Files</Filter>
    </ClCompile>
    <ClCompile Include="..\src\DataGridDlg.cpp">
      <Filter>Source Files</Filter>
    </ClCompile>
    <ClCompile Include="..\src\DataGridView.cpp">
      <Filter>Source Files</Filter>
    </ClCompile>
    <ClCompile Include="..\src\DiskScanDlg.cpp">
      <Filter>Source Files</Filter>
    </ClCompile>
    <ClCompile Include="..\src\Files.cpp">
      <Filter>Source Files</Filter>
    </ClCompile>
    <ClCompile Include="..\src\main.cpp">
      <Filter>Source Files</Filter>
    </ClCompile>
    <ClCompile Include="..\src\Mainfrm.cpp">
      <Filter>Source Files</Filter>
    </ClCompile>
    <ClCompile Include="..\src\Output.cpp">
      <Filter>Source Files</Filter>
    </ClCompile>
    <ClCompile Include="..\src\Simple.cpp">
      <Filter>Source Files</Filter>
    </ClCompile>
    <ClCompile Include="..\src\StdAfx.cpp">
      <Filter>Source Files</Filter>
    </ClCompile>
    <ClCompile Include="..\src\SysSettingDlg.cpp">
      <Filter>Source Files</Filter>
    </ClCompile>
    <ClCompile Include="..\src\Text.cpp">
      <Filter>Source Files</Filter>
    </ClCompile>
    <ClCompile Include="..\src\UserOutput.cpp">
      <Filter>Source Files</Filter>
    </ClCompile>
    <ClCompile Include="..\src\AuthSetDialog.cpp">
      <Filter>Source Files</Filter>
    </ClCompile>
  </ItemGroup>
  <ItemGroup>
    <ClInclude Include="..\src\Classes.h">
      <Filter>Header Files</Filter>
    </ClInclude>
    <ClInclude Include="..\src\ComboBoxEx.h">
      <Filter>Header Files</Filter>
    </ClInclude>
    <ClInclude Include="..\src\ContainerApp.h">
      <Filter>Header Files</Filter>
    </ClInclude>
    <ClInclude Include="..\src\DockContainer.h">
      <Filter>Header Files</Filter>
    </ClInclude>
    <ClInclude Include="..\src\Files.h">
      <Filter>Header Files</Filter>
    </ClInclude>
    <ClInclude Include="..\src\Mainfrm.h">
      <Filter>Header Files</Filter>
    </ClInclude>
    <ClInclude Include="..\src\Output.h">
      <Filter>Header Files</Filter>
    </ClInclude>
    <ClInclude Include="..\src\resource.h">
      <Filter>Header Files</Filter>
    </ClInclude>
    <ClInclude Include="..\src\resrc1.h">
      <Filter>Header Files</Filter>
    </ClInclude>
    <ClInclude Include="..\src\Simple.h">
      <Filter>Header Files</Filter>
    </ClInclude>
    <ClInclude Include="..\src\stdafx.h">
      <Filter>Header Files</Filter>
    </ClInclude>
    <ClInclude Include="..\src\Text.h">
      <Filter>Header Files</Filter>
    </ClInclude>
    <ClInclude Include="..\..\Win32++\include\dialog.h">
      <Filter>Win32++</Filter>
    </ClInclude>
    <ClInclude Include="..\..\Win32++\include\docking.h">
      <Filter>Win32++</Filter>
    </ClInclude>
    <ClInclude Include="..\..\Win32++\include\frame.h">
      <Filter>Win32++</Filter>
    </ClInclude>
    <ClInclude Include="..\..\Win32++\include\gdi.h">
      <Filter>Win32++</Filter>
    </ClInclude>
    <ClInclude Include="..\..\Win32++\include\listview.h">
      <Filter>Win32++</Filter>
    </ClInclude>
    <ClInclude Include="..\..\Win32++\include\rebar.h">
      <Filter>Win32++</Filter>
    </ClInclude>
    <ClInclude Include="..\..\Win32++\include\statusbar.h">
      <Filter>Win32++</Filter>
    </ClInclude>
    <ClInclude Include="..\..\Win32++\include\toolbar.h">
      <Filter>Win32++</Filter>
    </ClInclude>
    <ClInclude Include="..\..\Win32++\include\treeview.h">
      <Filter>Win32++</Filter>
    </ClInclude>
    <ClInclude Include="..\..\Win32++\include\wincore.h">
      <Filter>Win32++</Filter>
    </ClInclude>
  </ItemGroup>
  <ItemGroup>
    <Image Include="..\src\res\Barbarian.ico">
      <Filter>Resource Files</Filter>
    </Image>
    <Image Include="..\src\res\classview.bmp">
      <Filter>Resource Files</Filter>
    </Image>
    <Image Include="..\src\res\classview.ico">
      <Filter>Resource Files</Filter>
    </Image>
    <Image Include="..\src\res\Docking.ico">
      <Filter>Resource Files</Filter>
    </Image>
    <Image Include="..\src\res\fileview.bmp">
      <Filter>Resource Files</Filter>
    </Image>
    <Image Include="..\src\res\fileview.ico">
      <Filter>Resource Files</Filter>
    </Image>
    <Image Include="..\src\main.ico">
      <Filter>Resource Files</Filter>
    </Image>
    <Image Include="..\src\mfc.ico">
      <Filter>Resource Files</Filter>
    </Image>
    <Image Include="..\src\res\mfc2.ico">
      <Filter>Resource Files</Filter>
    </Image>
    <Image Include="..\src\mfc2.ico">
      <Filter>Resource Files</Filter>
    </Image>
    <Image Include="..\src\res\SDbottom.bmp">
      <Filter>Resource Files</Filter>
    </Image>
    <Image Include="..\src\res\SDcenter.bmp">
      <Filter>Resource Files</Filter>
    </Image>
    <Image Include="..\src\res\SDleft.bmp">
      <Filter>Resource Files</Filter>
    </Image>
    <Image Include="..\src\res\SDmiddle.bmp">
      <Filter>Resource Files</Filter>
    </Image>
    <Image Include="..\src\res\SDright.bmp">
      <Filter>Resource Files</Filter>
    </Image>
    <Image Include="..\src\res\SDtop.bmp">
      <Filter>Resource Files</Filter>
    </Image>
    <Image Include="..\src\res\status.bmp">
      <Filter>Resource Files</Filter>
    </Image>
    <Image Include="..\src\res\Text.ico">
      <Filter>Resource Files</Filter>
    </Image>
    <Image Include="..\src\res\threestate.bmp">
      <Filter>Resource Files</Filter>
    </Image>
    <Image Include="..\src\res\Toolbar.bmp">
      <Filter>Resource Files</Filter>
    </Image>
  </ItemGroup>
  <ItemGroup>
    <ResourceCompile Include="..\src\Resource.rc">
      <Filter>Resource Files</Filter>
    </ResourceCompile>
  </ItemGroup>
  <ItemGroup>
    <None Include="..\src\res\SplitH.cur">
      <Filter>Resource Files</Filter>
    </None>
    <None Include="..\src\res\SplitV.cur">
      <Filter>Resource Files</Filter>
    </None>
  </ItemGroup>
  <ItemGroup>
    <Manifest Include="..\src\res\Win32++.manifest" />
  </ItemGroup>
</Project>